
Microsoft Visual Studio Solution File, Format Version 12.00
# Visual Studio Version 17
VisualStudioVersion = 17.14.36623.8 d17.14
MinimumVisualStudioVersion = 10.0.40219.1
Project("{FAE04EC0-301F-11D3-BF4B-00C04F79EFBC}") = "Aquí sí Sabe", "Aquí sí Sabe\Aquí sí Sabe.csproj", "{0AD70328-F78E-4519-B20B-850BE4627769}"
EndProject
Global
	GlobalSection(SolutionConfigurationPlatforms) = preSolution
		Debug|Any CPU = Debug|Any CPU
		Release|Any CPU = Release|Any CPU
	EndGlobalSection
	GlobalSection(ProjectConfigurationPlatforms) = postSolution
		{0AD70328-F78E-4519-B20B-850BE4627769}.Debug|Any CPU.ActiveCfg = Debug|Any CPU
		{0AD70328-F78E-4519-B20B-850BE4627769}.Debug|Any CPU.Build.0 = Debug|Any CPU
		{0AD70328-F78E-4519-B20B-850BE4627769}.Release|Any CPU.ActiveCfg = Release|Any CPU
		{0AD70328-F78E-4519-B20B-850BE4627769}.Release|Any CPU.Build.0 = Release|Any CPU
	EndGlobalSection
	GlobalSection(SolutionProperties) = preSolution
		HideSolutionNode = FALSE
	EndGlobalSection
	GlobalSection(ExtensibilityGlobals) = postSolution
		SolutionGuid = {5472FBBB-89C5-4673-A792-6E534FC304A9}
	EndGlobalSection
EndGlobal
