
Microsoft Visual Studio Solution File, Format Version 12.00
# Visual Studio Version 17
VisualStudioVersion = 17.14.36623.8
MinimumVisualStudioVersion = 10.0.40219.1
Project("{FAE04EC0-301F-11D3-BF4B-00C04F79EFBC}") = "Labboratorio 19", "Labboratorio 19\Labboratorio 19.csproj", "{C037F22C-B5AD-4521-91DB-50F81760F409}"
EndProject
Project("{FAE04EC0-301F-11D3-BF4B-00C04F79EFBC}") = "Laboratorio 19-1", "Laboratorio 19-1\Laboratorio 19-1.csproj", "{C7AE129C-FEA0-4E24-9D92-5D5DC3D2354F}"
EndProject
Project("{FAE04EC0-301F-11D3-BF4B-00C04F79EFBC}") = "Laboratorio 19-2", "Laboratorio 19-2\Laboratorio 19-2.csproj", "{9E6A0227-C789-421A-9FC0-14438155280A}"
EndProject
Global
	GlobalSection(SolutionConfigurationPlatforms) = preSolution
		Debug|Any CPU = Debug|Any CPU
		Release|Any CPU = Release|Any CPU
	EndGlobalSection
	GlobalSection(ProjectConfigurationPlatforms) = postSolution
		{C037F22C-B5AD-4521-91DB-50F81760F409}.Debug|Any CPU.ActiveCfg = Debug|Any CPU
		{C037F22C-B5AD-4521-91DB-50F81760F409}.Debug|Any CPU.Build.0 = Debug|Any CPU
		{C037F22C-B5AD-4521-91DB-50F81760F409}.Release|Any CPU.ActiveCfg = Release|Any CPU
		{C037F22C-B5AD-4521-91DB-50F81760F409}.Release|Any CPU.Build.0 = Release|Any CPU
		{C7AE129C-FEA0-4E24-9D92-5D5DC3D2354F}.Debug|Any CPU.ActiveCfg = Debug|Any CPU
		{C7AE129C-FEA0-4E24-9D92-5D5DC3D2354F}.Debug|Any CPU.Build.0 = Debug|Any CPU
		{C7AE129C-FEA0-4E24-9D92-5D5DC3D2354F}.Release|Any CPU.ActiveCfg = Release|Any CPU
		{C7AE129C-FEA0-4E24-9D92-5D5DC3D2354F}.Release|Any CPU.Build.0 = Release|Any CPU
		{9E6A0227-C789-421A-9FC0-14438155280A}.Debug|Any CPU.ActiveCfg = Debug|Any CPU
		{9E6A0227-C789-421A-9FC0-14438155280A}.Debug|Any CPU.Build.0 = Debug|Any CPU
		{9E6A0227-C789-421A-9FC0-14438155280A}.Release|Any CPU.ActiveCfg = Release|Any CPU
		{9E6A0227-C789-421A-9FC0-14438155280A}.Release|Any CPU.Build.0 = Release|Any CPU
	EndGlobalSection
	GlobalSection(SolutionProperties) = preSolution
		HideSolutionNode = FALSE
	EndGlobalSection
	GlobalSection(ExtensibilityGlobals) = postSolution
		SolutionGuid = {C8DE3459-617B-4A81-BD80-D993801A160E}
	EndGlobalSection
EndGlobal
