
Microsoft Visual Studio Solution File, Format Version 12.00
# Visual Studio Version 17
VisualStudioVersion = 17.14.36623.8 d17.14
MinimumVisualStudioVersion = 10.0.40219.1
Project("{FAE04EC0-301F-11D3-BF4B-00C04F79EFBC}") = "Laboratorio 15-1", "Laboratorio 15-1\Laboratorio 15-1.csproj", "{F093EBAE-A9BA-4797-8E11-D7A557084284}"
EndProject
Global
	GlobalSection(SolutionConfigurationPlatforms) = preSolution
		Debug|Any CPU = Debug|Any CPU
		Release|Any CPU = Release|Any CPU
	EndGlobalSection
	GlobalSection(ProjectConfigurationPlatforms) = postSolution
		{F093EBAE-A9BA-4797-8E11-D7A557084284}.Debug|Any CPU.ActiveCfg = Debug|Any CPU
		{F093EBAE-A9BA-4797-8E11-D7A557084284}.Debug|Any CPU.Build.0 = Debug|Any CPU
		{F093EBAE-A9BA-4797-8E11-D7A557084284}.Release|Any CPU.ActiveCfg = Release|Any CPU
		{F093EBAE-A9BA-4797-8E11-D7A557084284}.Release|Any CPU.Build.0 = Release|Any CPU
	EndGlobalSection
	GlobalSection(SolutionProperties) = preSolution
		HideSolutionNode = FALSE
	EndGlobalSection
	GlobalSection(ExtensibilityGlobals) = postSolution
		SolutionGuid = {869C164E-FA3A-4AA6-BCF8-89A218D4C800}
	EndGlobalSection
EndGlobal
