
Microsoft Visual Studio Solution File, Format Version 12.00
# Visual Studio Version 17
VisualStudioVersion = 17.14.36518.9 d17.14
MinimumVisualStudioVersion = 10.0.40219.1
Project("{FAE04EC0-301F-11D3-BF4B-00C04F79EFBC}") = "Laboratorio 11", "Laboratorio 11\Laboratorio 11.csproj", "{AB4A6B94-D33B-4679-83E8-A77A9FAC325B}"
EndProject
Global
	GlobalSection(SolutionConfigurationPlatforms) = preSolution
		Debug|Any CPU = Debug|Any CPU
		Release|Any CPU = Release|Any CPU
	EndGlobalSection
	GlobalSection(ProjectConfigurationPlatforms) = postSolution
		{AB4A6B94-D33B-4679-83E8-A77A9FAC325B}.Debug|Any CPU.ActiveCfg = Debug|Any CPU
		{AB4A6B94-D33B-4679-83E8-A77A9FAC325B}.Debug|Any CPU.Build.0 = Debug|Any CPU
		{AB4A6B94-D33B-4679-83E8-A77A9FAC325B}.Release|Any CPU.ActiveCfg = Release|Any CPU
		{AB4A6B94-D33B-4679-83E8-A77A9FAC325B}.Release|Any CPU.Build.0 = Release|Any CPU
	EndGlobalSection
	GlobalSection(SolutionProperties) = preSolution
		HideSolutionNode = FALSE
	EndGlobalSection
	GlobalSection(ExtensibilityGlobals) = postSolution
		SolutionGuid = {263A0554-D3B4-417E-97A4-871EDB616114}
	EndGlobalSection
EndGlobal
