
Microsoft Visual Studio Solution File, Format Version 12.00
# Visual Studio Version 17
VisualStudioVersion = 17.14.36623.8 d17.14
MinimumVisualStudioVersion = 10.0.40219.1
Project("{FAE04EC0-301F-11D3-BF4B-00C04F79EFBC}") = "Laboratorio 15-2", "Laboratorio 15-2\Laboratorio 15-2.csproj", "{D4023E4A-F7B0-4B1B-8DCB-B304AE598AD1}"
EndProject
Global
	GlobalSection(SolutionConfigurationPlatforms) = preSolution
		Debug|Any CPU = Debug|Any CPU
		Release|Any CPU = Release|Any CPU
	EndGlobalSection
	GlobalSection(ProjectConfigurationPlatforms) = postSolution
		{D4023E4A-F7B0-4B1B-8DCB-B304AE598AD1}.Debug|Any CPU.ActiveCfg = Debug|Any CPU
		{D4023E4A-F7B0-4B1B-8DCB-B304AE598AD1}.Debug|Any CPU.Build.0 = Debug|Any CPU
		{D4023E4A-F7B0-4B1B-8DCB-B304AE598AD1}.Release|Any CPU.ActiveCfg = Release|Any CPU
		{D4023E4A-F7B0-4B1B-8DCB-B304AE598AD1}.Release|Any CPU.Build.0 = Release|Any CPU
	EndGlobalSection
	GlobalSection(SolutionProperties) = preSolution
		HideSolutionNode = FALSE
	EndGlobalSection
	GlobalSection(ExtensibilityGlobals) = postSolution
		SolutionGuid = {28284BD7-01DA-428A-A471-07360F763A33}
	EndGlobalSection
EndGlobal
